
Microsoft Visual Studio Solution File, Format Version 12.00
# Visual Studio Version 17
VisualStudioVersion = 17.9.34607.119
MinimumVisualStudioVersion = 10.0.40219.1
Project("{FAE04EC0-301F-11D3-BF4B-00C04F79EFBC}") = "horse_racing_app", "horse_racing_app\horse_racing_app.csproj", "{755B6D86-FD42-4885-99DD-958D10B92DBF}"
EndProject
Global
	GlobalSection(SolutionConfigurationPlatforms) = preSolution
		Debug|Any CPU = Debug|Any CPU
		Release|Any CPU = Release|Any CPU
	EndGlobalSection
	GlobalSection(ProjectConfigurationPlatforms) = postSolution
		{755B6D86-FD42-4885-99DD-958D10B92DBF}.Debug|Any CPU.ActiveCfg = Debug|Any CPU
		{755B6D86-FD42-4885-99DD-958D10B92DBF}.Debug|Any CPU.Build.0 = Debug|Any CPU
		{755B6D86-FD42-4885-99DD-958D10B92DBF}.Release|Any CPU.ActiveCfg = Release|Any CPU
		{755B6D86-FD42-4885-99DD-958D10B92DBF}.Release|Any CPU.Build.0 = Release|Any CPU
	EndGlobalSection
	GlobalSection(SolutionProperties) = preSolution
		HideSolutionNode = FALSE
	EndGlobalSection
	GlobalSection(ExtensibilityGlobals) = postSolution
		SolutionGuid = {7D2B83C1-6F48-4937-A49C-5CDC8E79E332}
	EndGlobalSection
EndGlobal
